// !$*UTF8*$!
{
	archiveVersion = 1;
	classes = {
	};
	objectVersion = 55;
	objects = {

/* Begin PBXBuildFile section */
		050DA375287E3BE0006F4999 /* Symbol.swift in Sources */ = {isa = PBXBuildFile; fileRef = 050DA374287E3BE0006F4999 /* Symbol.swift */; };
		050DA376287E3BE0006F4999 /* Symbol.swift in Sources */ = {isa = PBXBuildFile; fileRef = 050DA374287E3BE0006F4999 /* Symbol.swift */; };
		05FE3029287E197A0082E34D /* ZhuyinTypingPracticeApp.swift in Sources */ = {isa = PBXBuildFile; fileRef = 05FE3028287E197A0082E34D /* ZhuyinTypingPracticeApp.swift */; };
		05FE302B287E197A0082E34D /* ContentView.swift in Sources */ = {isa = PBXBuildFile; fileRef = 05FE302A287E197A0082E34D /* ContentView.swift */; };
		05FE302D287E197D0082E34D /* Assets.xcassets in Resources */ = {isa = PBXBuildFile; fileRef = 05FE302C287E197D0082E34D /* Assets.xcassets */; };
		05FE3030287E197D0082E34D /* Preview Assets.xcassets in Resources */ = {isa = PBXBuildFile; fileRef = 05FE302F287E197D0082E34D /* Preview Assets.xcassets */; };
		05FE303A287E197E0082E34D /* ZhuyinTypingPracticeTests.swift in Sources */ = {isa = PBXBuildFile; fileRef = 05FE3039287E197E0082E34D /* ZhuyinTypingPracticeTests.swift */; };
		05FE3044287E197E0082E34D /* ZhuyinTypingPracticeUITests.swift in Sources */ = {isa = PBXBuildFile; fileRef = 05FE3043287E197E0082E34D /* ZhuyinTypingPracticeUITests.swift */; };
		05FE3046287E197E0082E34D /* ZhuyinTypingPracticeUITestsLaunchTests.swift in Sources */ = {isa = PBXBuildFile; fileRef = 05FE3045287E197E0082E34D /* ZhuyinTypingPracticeUITestsLaunchTests.swift */; };
/* End PBXBuildFile section */

/* Begin PBXContainerItemProxy section */
		05FE3036287E197E0082E34D /* PBXContainerItemProxy */ = {
			isa = PBXContainerItemProxy;
			containerPortal = 05FE301D287E197A0082E34D /* Project object */;
			proxyType = 1;
			remoteGlobalIDString = 05FE3024287E197A0082E34D;
			remoteInfo = ZhuyinTypingPractice;
		};
		05FE3040287E197E0082E34D /* PBXContainerItemProxy */ = {
			isa = PBXContainerItemProxy;
			containerPortal = 05FE301D287E197A0082E34D /* Project object */;
			proxyType = 1;
			remoteGlobalIDString = 05FE3024287E197A0082E34D;
			remoteInfo = ZhuyinTypingPractice;
		};
/* End PBXContainerItemProxy section */

/* Begin PBXFileReference section */
		050DA374287E3BE0006F4999 /* Symbol.swift */ = {isa = PBXFileReference; lastKnownFileType = sourcecode.swift; path = Symbol.swift; sourceTree = "<group>"; };
		05FE3025287E197A0082E34D /* ZhuyinTypingPractice.app */ = {isa = PBXFileReference; explicitFileType = wrapper.application; includeInIndex = 0; path = ZhuyinTypingPractice.app; sourceTree = BUILT_PRODUCTS_DIR; };
		05FE3028287E197A0082E34D /* ZhuyinTypingPracticeApp.swift */ = {isa = PBXFileReference; lastKnownFileType = sourcecode.swift; path = ZhuyinTypingPracticeApp.swift; sourceTree = "<group>"; };
		05FE302A287E197A0082E34D /* ContentView.swift */ = {isa = PBXFileReference; lastKnownFileType = sourcecode.swift; path = ContentView.swift; sourceTree = "<group>"; };
		05FE302C287E197D0082E34D /* Assets.xcassets */ = {isa = PBXFileReference; lastKnownFileType = folder.assetcatalog; path = Assets.xcassets; sourceTree = "<group>"; };
		05FE302F287E197D0082E34D /* Preview Assets.xcassets */ = {isa = PBXFileReference; lastKnownFileType = folder.assetcatalog; path = "Preview Assets.xcassets"; sourceTree = "<group>"; };
		05FE3035287E197E0082E34D /* ZhuyinTypingPracticeTests.xctest */ = {isa = PBXFileReference; explicitFileType = wrapper.cfbundle; includeInIndex = 0; path = ZhuyinTypingPracticeTests.xctest; sourceTree = BUILT_PRODUCTS_DIR; };
		05FE3039287E197E0082E34D /* ZhuyinTypingPracticeTests.swift */ = {isa = PBXFileReference; lastKnownFileType = sourcecode.swift; path = ZhuyinTypingPracticeTests.swift; sourceTree = "<group>"; };
		05FE303F287E197E0082E34D /* ZhuyinTypingPracticeUITests.xctest */ = {isa = PBXFileReference; explicitFileType = wrapper.cfbundle; includeInIndex = 0; path = ZhuyinTypingPracticeUITests.xctest; sourceTree = BUILT_PRODUCTS_DIR; };
		05FE3043287E197E0082E34D /* ZhuyinTypingPracticeUITests.swift */ = {isa = PBXFileReference; lastKnownFileType = sourcecode.swift; path = ZhuyinTypingPracticeUITests.swift; sourceTree = "<group>"; };
		05FE3045287E197E0082E34D /* ZhuyinTypingPracticeUITestsLaunchTests.swift */ = {isa = PBXFileReference; lastKnownFileType = sourcecode.swift; path = ZhuyinTypingPracticeUITestsLaunchTests.swift; sourceTree = "<group>"; };
/* End PBXFileReference section */

/* Begin PBXFrameworksBuildPhase section */
		05FE3022287E197A0082E34D /* Frameworks */ = {
			isa = PBXFrameworksBuildPhase;
			buildActionMask = 2147483647;
			files = (
			);
			runOnlyForDeploymentPostprocessing = 0;
		};
		05FE3032287E197E0082E34D /* Frameworks */ = {
			isa = PBXFrameworksBuildPhase;
			buildActionMask = 2147483647;
			files = (
			);
			runOnlyForDeploymentPostprocessing = 0;
		};
		05FE303C287E197E0082E34D /* Frameworks */ = {
			isa = PBXFrameworksBuildPhase;
			buildActionMask = 2147483647;
			files = (
			);
			runOnlyForDeploymentPostprocessing = 0;
		};
/* End PBXFrameworksBuildPhase section */

/* Begin PBXGroup section */
		05FE301C287E197A0082E34D = {
			isa = PBXGroup;
			children = (
				05FE3027287E197A0082E34D /* ZhuyinTypingPractice */,
				05FE3038287E197E0082E34D /* ZhuyinTypingPracticeTests */,
				05FE3042287E197E0082E34D /* ZhuyinTypingPracticeUITests */,
				05FE3026287E197A0082E34D /* Products */,
			);
			sourceTree = "<group>";
		};
		05FE3026287E197A0082E34D /* Products */ = {
			isa = PBXGroup;
			children = (
				05FE3025287E197A0082E34D /* ZhuyinTypingPractice.app */,
				05FE3035287E197E0082E34D /* ZhuyinTypingPracticeTests.xctest */,
				05FE303F287E197E0082E34D /* ZhuyinTypingPracticeUITests.xctest */,
			);
			name = Products;
			sourceTree = "<group>";
		};
		05FE3027287E197A0082E34D /* ZhuyinTypingPractice */ = {
			isa = PBXGroup;
			children = (
				05FE3028287E197A0082E34D /* ZhuyinTypingPracticeApp.swift */,
				05FE302A287E197A0082E34D /* ContentView.swift */,
				050DA374287E3BE0006F4999 /* Symbol.swift */,
				05FE302C287E197D0082E34D /* Assets.xcassets */,
				05FE302E287E197D0082E34D /* Preview Content */,
			);
			path = ZhuyinTypingPractice;
			sourceTree = "<group>";
		};
		05FE302E287E197D0082E34D /* Preview Content */ = {
			isa = PBXGroup;
			children = (
				05FE302F287E197D0082E34D /* Preview Assets.xcassets */,
			);
			path = "Preview Content";
			sourceTree = "<group>";
		};
		05FE3038287E197E0082E34D /* ZhuyinTypingPracticeTests */ = {
			isa = PBXGroup;
			children = (
				05FE3039287E197E0082E34D /* ZhuyinTypingPracticeTests.swift */,
			);
			path = ZhuyinTypingPracticeTests;
			sourceTree = "<group>";
		};
		05FE3042287E197E0082E34D /* ZhuyinTypingPracticeUITests */ = {
			isa = PBXGroup;
			children = (
				05FE3043287E197E0082E34D /* ZhuyinTypingPracticeUITests.swift */,
				05FE3045287E197E0082E34D /* ZhuyinTypingPracticeUITestsLaunchTests.swift */,
			);
			path = ZhuyinTypingPracticeUITests;
			sourceTree = "<group>";
		};
/* End PBXGroup section */

/* Begin PBXNativeTarget section */
		05FE3024287E197A0082E34D /* ZhuyinTypingPractice */ = {
			isa = PBXNativeTarget;
			buildConfigurationList = 05FE3049287E197E0082E34D /* Build configuration list for PBXNativeTarget "ZhuyinTypingPractice" */;
			buildPhases = (
				05FE3021287E197A0082E34D /* Sources */,
				05FE3022287E197A0082E34D /* Frameworks */,
				05FE3023287E197A0082E34D /* Resources */,
			);
			buildRules = (
			);
			dependencies = (
			);
			name = ZhuyinTypingPractice;
			productName = ZhuyinTypingPractice;
			productReference = 05FE3025287E197A0082E34D /* ZhuyinTypingPractice.app */;
			productType = "com.apple.product-type.application";
		};
		05FE3034287E197E0082E34D /* ZhuyinTypingPracticeTests */ = {
			isa = PBXNativeTarget;
			buildConfigurationList = 05FE304C287E197E0082E34D /* Build configuration list for PBXNativeTarget "ZhuyinTypingPracticeTests" */;
			buildPhases = (
				05FE3031287E197E0082E34D /* Sources */,
				05FE3032287E197E0082E34D /* Frameworks */,
				05FE3033287E197E0082E34D /* Resources */,
			);
			buildRules = (
			);
			dependencies = (
				05FE3037287E197E0082E34D /* PBXTargetDependency */,
			);
			name = ZhuyinTypingPracticeTests;
			productName = ZhuyinTypingPracticeTests;
			productReference = 05FE3035287E197E0082E34D /* ZhuyinTypingPracticeTests.xctest */;
			productType = "com.apple.product-type.bundle.unit-test";
		};
		05FE303E287E197E0082E34D /* ZhuyinTypingPracticeUITests */ = {
			isa = PBXNativeTarget;
			buildConfigurationList = 05FE304F287E197E0082E34D /* Build configuration list for PBXNativeTarget "ZhuyinTypingPracticeUITests" */;
			buildPhases = (
				05FE303B287E197E0082E34D /* Sources */,
				05FE303C287E197E0082E34D /* Frameworks */,
				05FE303D287E197E0082E34D /* Resources */,
			);
			buildRules = (
			);
			dependencies = (
				05FE3041287E197E0082E34D /* PBXTargetDependency */,
			);
			name = ZhuyinTypingPracticeUITests;
			productName = ZhuyinTypingPracticeUITests;
			productReference = 05FE303F287E197E0082E34D /* ZhuyinTypingPracticeUITests.xctest */;
			productType = "com.apple.product-type.bundle.ui-testing";
		};
/* End PBXNativeTarget section */

/* Begin PBXProject section */
		05FE301D287E197A0082E34D /* Project object */ = {
			isa = PBXProject;
			attributes = {
				BuildIndependentTargetsInParallel = 1;
				LastSwiftUpdateCheck = 1340;
				LastUpgradeCheck = 1340;
				TargetAttributes = {
					05FE3024287E197A0082E34D = {
						CreatedOnToolsVersion = 13.4;
					};
					05FE3034287E197E0082E34D = {
						CreatedOnToolsVersion = 13.4;
						TestTargetID = 05FE3024287E197A0082E34D;
					};
					05FE303E287E197E0082E34D = {
						CreatedOnToolsVersion = 13.4;
						TestTargetID = 05FE3024287E197A0082E34D;
					};
				};
			};
			buildConfigurationList = 05FE3020287E197A0082E34D /* Build configuration list for PBXProject "ZhuyinTypingPractice" */;
			compatibilityVersion = "Xcode 13.0";
			developmentRegion = en;
			hasScannedForEncodings = 0;
			knownRegions = (
				en,
				Base,
			);
			mainGroup = 05FE301C287E197A0082E34D;
			productRefGroup = 05FE3026287E197A0082E34D /* Products */;
			projectDirPath = "";
			projectRoot = "";
			targets = (
				05FE3024287E197A0082E34D /* ZhuyinTypingPractice */,
				05FE3034287E197E0082E34D /* ZhuyinTypingPracticeTests */,
				05FE303E287E197E0082E34D /* ZhuyinTypingPracticeUITests */,
			);
		};
/* End PBXProject section */

/* Begin PBXResourcesBuildPhase section */
		05FE3023287E197A0082E34D /* Resources */ = {
			isa = PBXResourcesBuildPhase;
			buildActionMask = 2147483647;
			files = (
				05FE3030287E197D0082E34D /* Preview Assets.xcassets in Resources */,
				05FE302D287E197D0082E34D /* Assets.xcassets in Resources */,
			);
			runOnlyForDeploymentPostprocessing = 0;
		};
		05FE3033287E197E0082E34D /* Resources */ = {
			isa = PBXResourcesBuildPhase;
			buildActionMask = 2147483647;
			files = (
			);
			runOnlyForDeploymentPostprocessing = 0;
		};
		05FE303D287E197E0082E34D /* Resources */ = {
			isa = PBXResourcesBuildPhase;
			buildActionMask = 2147483647;
			files = (
			);
			runOnlyForDeploymentPostprocessing = 0;
		};
/* End PBXResourcesBuildPhase section */

/* Begin PBXSourcesBuildPhase section */
		05FE3021287E197A0082E34D /* Sources */ = {
			isa = PBXSourcesBuildPhase;
			buildActionMask = 2147483647;
			files = (
				05FE302B287E197A0082E34D /* ContentView.swift in Sources */,
				05FE3029287E197A0082E34D /* ZhuyinTypingPracticeApp.swift in Sources */,
				050DA375287E3BE0006F4999 /* Symbol.swift in Sources */,
			);
			runOnlyForDeploymentPostprocessing = 0;
		};
		05FE3031287E197E0082E34D /* Sources */ = {
			isa = PBXSourcesBuildPhase;
			buildActionMask = 2147483647;
			files = (
				05FE303A287E197E0082E34D /* ZhuyinTypingPracticeTests.swift in Sources */,
				050DA376287E3BE0006F4999 /* Symbol.swift in Sources */,
			);
			runOnlyForDeploymentPostprocessing = 0;
		};
		05FE303B287E197E0082E34D /* Sources */ = {
			isa = PBXSourcesBuildPhase;
			buildActionMask = 2147483647;
			files = (
				05FE3044287E197E0082E34D /* ZhuyinTypingPracticeUITests.swift in Sources */,
				05FE3046287E197E0082E34D /* ZhuyinTypingPracticeUITestsLaunchTests.swift in Sources */,
			);
			runOnlyForDeploymentPostprocessing = 0;
		};
/* End PBXSourcesBuildPhase section */

/* Begin PBXTargetDependency section */
		05FE3037287E197E0082E34D /* PBXTargetDependency */ = {
			isa = PBXTargetDependency;
			target = 05FE3024287E197A0082E34D /* ZhuyinTypingPractice */;
			targetProxy = 05FE3036287E197E0082E34D /* PBXContainerItemProxy */;
		};
		05FE3041287E197E0082E34D /* PBXTargetDependency */ = {
			isa = PBXTargetDependency;
			target = 05FE3024287E197A0082E34D /* ZhuyinTypingPractice */;
			targetProxy = 05FE3040287E197E0082E34D /* PBXContainerItemProxy */;
		};
/* End PBXTargetDependency section */

/* Begin XCBuildConfiguration section */
		05FE3047287E197E0082E34D /* Debug */ = {
			isa = XCBuildConfiguration;
			buildSettings = {
				ALWAYS_SEARCH_USER_PATHS = NO;
				CLANG_ANALYZER_NONNULL = YES;
				CLANG_ANALYZER_NUMBER_OBJECT_CONVERSION = YES_AGGRESSIVE;
				CLANG_CXX_LANGUAGE_STANDARD = "gnu++17";
				CLANG_ENABLE_MODULES = YES;
				CLANG_ENABLE_OBJC_ARC = YES;
				CLANG_ENABLE_OBJC_WEAK = YES;
				CLANG_WARN_BLOCK_CAPTURE_AUTORELEASING = YES;
				CLANG_WARN_BOOL_CONVERSION = YES;
				CLANG_WARN_COMMA = YES;
				CLANG_WARN_CONSTANT_CONVERSION = YES;
				CLANG_WARN_DEPRECATED_OBJC_IMPLEMENTATIONS = YES;
				CLANG_WARN_DIRECT_OBJC_ISA_USAGE = YES_ERROR;
				CLANG_WARN_DOCUMENTATION_COMMENTS = YES;
				CLANG_WARN_EMPTY_BODY = YES;
				CLANG_WARN_ENUM_CONVERSION = YES;
				CLANG_WARN_INFINITE_RECURSION = YES;
				CLANG_WARN_INT_CONVERSION = YES;
				CLANG_WARN_NON_LITERAL_NULL_CONVERSION = YES;
				CLANG_WARN_OBJC_IMPLICIT_RETAIN_SELF = YES;
				CLANG_WARN_OBJC_LITERAL_CONVERSION = YES;
				CLANG_WARN_OBJC_ROOT_CLASS = YES_ERROR;
				CLANG_WARN_QUOTED_INCLUDE_IN_FRAMEWORK_HEADER = YES;
				CLANG_WARN_RANGE_LOOP_ANALYSIS = YES;
				CLANG_WARN_STRICT_PROTOTYPES = YES;
				CLANG_WARN_SUSPICIOUS_MOVE = YES;
				CLANG_WARN_UNGUARDED_AVAILABILITY = YES_AGGRESSIVE;
				CLANG_WARN_UNREACHABLE_CODE = YES;
				CLANG_WARN__DUPLICATE_METHOD_MATCH = YES;
				COPY_PHASE_STRIP = NO;
				DEBUG_INFORMATION_FORMAT = dwarf;
				ENABLE_STRICT_OBJC_MSGSEND = YES;
				ENABLE_TESTABILITY = YES;
				GCC_C_LANGUAGE_STANDARD = gnu11;
				GCC_DYNAMIC_NO_PIC = NO;
				GCC_NO_COMMON_BLOCKS = YES;
				GCC_OPTIMIZATION_LEVEL = 0;
				GCC_PREPROCESSOR_DEFINITIONS = (
					"DEBUG=1",
					"$(inherited)",
				);
				GCC_WARN_64_TO_32_BIT_CONVERSION = YES;
				GCC_WARN_ABOUT_RETURN_TYPE = YES_ERROR;
				GCC_WARN_UNDECLARED_SELECTOR = YES;
				GCC_WARN_UNINITIALIZED_AUTOS = YES_AGGRESSIVE;
				GCC_WARN_UNUSED_FUNCTION = YES;
				GCC_WARN_UNUSED_VARIABLE = YES;
				IPHONEOS_DEPLOYMENT_TARGET = 15.5;
				MTL_ENABLE_DEBUG_INFO = INCLUDE_SOURCE;
				MTL_FAST_MATH = YES;
				ONLY_ACTIVE_ARCH = YES;
				SDKROOT = iphoneos;
				SWIFT_ACTIVE_COMPILATION_CONDITIONS = DEBUG;
				SWIFT_OPTIMIZATION_LEVEL = "-Onone";
			};
			name = Debug;
		};
		05FE3048287E197E0082E34D /* Release */ = {
			isa = XCBuildConfiguration;
			buildSettings = {
				ALWAYS_SEARCH_USER_PATHS = NO;
				CLANG_ANALYZER_NONNULL = YES;
				CLANG_ANALYZER_NUMBER_OBJECT_CONVERSION = YES_AGGRESSIVE;
				CLANG_CXX_LANGUAGE_STANDARD = "gnu++17";
				CLANG_ENABLE_MODULES = YES;
				CLANG_ENABLE_OBJC_ARC = YES;
				CLANG_ENABLE_OBJC_WEAK = YES;
				CLANG_WARN_BLOCK_CAPTURE_AUTORELEASING = YES;
				CLANG_WARN_BOOL_CONVERSION = YES;
				CLANG_WARN_COMMA = YES;
				CLANG_WARN_CONSTANT_CONVERSION = YES;
				CLANG_WARN_DEPRECATED_OBJC_IMPLEMENTATIONS = YES;
				CLANG_WARN_DIRECT_OBJC_ISA_USAGE = YES_ERROR;
				CLANG_WARN_DOCUMENTATION_COMMENTS = YES;
				CLANG_WARN_EMPTY_BODY = YES;
				CLANG_WARN_ENUM_CONVERSION = YES;
				CLANG_WARN_INFINITE_RECURSION = YES;
				CLANG_WARN_INT_CONVERSION = YES;
				CLANG_WARN_NON_LITERAL_NULL_CONVERSION = YES;
				CLANG_WARN_OBJC_IMPLICIT_RETAIN_SELF = YES;
				CLANG_WARN_OBJC_LITERAL_CONVERSION = YES;
				CLANG_WARN_OBJC_ROOT_CLASS = YES_ERROR;
				CLANG_WARN_QUOTED_INCLUDE_IN_FRAMEWORK_HEADER = YES;
				CLANG_WARN_RANGE_LOOP_ANALYSIS = YES;
				CLANG_WARN_STRICT_PROTOTYPES = YES;
				CLANG_WARN_SUSPICIOUS_MOVE = YES;
				CLANG_WARN_UNGUARDED_AVAILABILITY = YES_AGGRESSIVE;
				CLANG_WARN_UNREACHABLE_CODE = YES;
				CLANG_WARN__DUPLICATE_METHOD_MATCH = YES;
				COPY_PHASE_STRIP = NO;
				DEBUG_INFORMATION_FORMAT = "dwarf-with-dsym";
				ENABLE_NS_ASSERTIONS = NO;
				ENABLE_STRICT_OBJC_MSGSEND = YES;
				GCC_C_LANGUAGE_STANDARD = gnu11;
				GCC_NO_COMMON_BLOCKS = YES;
				GCC_WARN_64_TO_32_BIT_CONVERSION = YES;
				GCC_WARN_ABOUT_RETURN_TYPE = YES_ERROR;
				GCC_WARN_UNDECLARED_SELECTOR = YES;
				GCC_WARN_UNINITIALIZED_AUTOS = YES_AGGRESSIVE;
				GCC_WARN_UNUSED_FUNCTION = YES;
				GCC_WARN_UNUSED_VARIABLE = YES;
				IPHONEOS_DEPLOYMENT_TARGET = 15.5;
				MTL_ENABLE_DEBUG_INFO = NO;
				MTL_FAST_MATH = YES;
				SDKROOT = iphoneos;
				SWIFT_COMPILATION_MODE = wholemodule;
				SWIFT_OPTIMIZATION_LEVEL = "-O";
				VALIDATE_PRODUCT = YES;
			};
			name = Release;
		};
		05FE304A287E197E0082E34D /* Debug */ = {
			isa = XCBuildConfiguration;
			buildSettings = {
				ASSETCATALOG_COMPILER_APPICON_NAME = AppIcon;
				ASSETCATALOG_COMPILER_GLOBAL_ACCENT_COLOR_NAME = AccentColor;
				CODE_SIGN_STYLE = Automatic;
				CURRENT_PROJECT_VERSION = 1;
				DEVELOPMENT_ASSET_PATHS = "\"ZhuyinTypingPractice/Preview Content\"";
				DEVELOPMENT_TEAM = SU6X47WC59;
				ENABLE_PREVIEWS = YES;
				GENERATE_INFOPLIST_FILE = YES;
				INFOPLIST_KEY_UIApplicationSceneManifest_Generation = YES;
				INFOPLIST_KEY_UIApplicationSupportsIndirectInputEvents = YES;
				INFOPLIST_KEY_UILaunchScreen_Generation = YES;
				INFOPLIST_KEY_UISupportedInterfaceOrientations_iPad = "UIInterfaceOrientationPortrait UIInterfaceOrientationPortraitUpsideDown UIInterfaceOrientationLandscapeLeft UIInterfaceOrientationLandscapeRight";
				INFOPLIST_KEY_UISupportedInterfaceOrientations_iPhone = "UIInterfaceOrientationPortrait UIInterfaceOrientationLandscapeLeft UIInterfaceOrientationLandscapeRight";
				LD_RUNPATH_SEARCH_PATHS = (
					"$(inherited)",
					"@executable_path/Frameworks",
				);
				MARKETING_VERSION = 1.0;
				PRODUCT_BUNDLE_IDENTIFIER = com.matthedm.ZhuyinTypingPractice;
				PRODUCT_NAME = "$(TARGET_NAME)";
				SWIFT_EMIT_LOC_STRINGS = YES;
				SWIFT_VERSION = 5.0;
				TARGETED_DEVICE_FAMILY = "1,2";
			};
			name = Debug;
		};
		05FE304B287E197E0082E34D /* Release */ = {
			isa = XCBuildConfiguration;
			buildSettings = {
				ASSETCATALOG_COMPILER_APPICON_NAME = AppIcon;
				ASSETCATALOG_COMPILER_GLOBAL_ACCENT_COLOR_NAME = AccentColor;
				CODE_SIGN_STYLE = Automatic;
				CURRENT_PROJECT_VERSION = 1;
				DEVELOPMENT_ASSET_PATHS = "\"ZhuyinTypingPractice/Preview Content\"";
				DEVELOPMENT_TEAM = SU6X47WC59;
				ENABLE_PREVIEWS = YES;
				GENERATE_INFOPLIST_FILE = YES;
				INFOPLIST_KEY_UIApplicationSceneManifest_Generation = YES;
				INFOPLIST_KEY_UIApplicationSupportsIndirectInputEvents = YES;
				INFOPLIST_KEY_UILaunchScreen_Generation = YES;
				INFOPLIST_KEY_UISupportedInterfaceOrientations_iPad = "UIInterfaceOrientationPortrait UIInterfaceOrientationPortraitUpsideDown UIInterfaceOrientationLandscapeLeft UIInterfaceOrientationLandscapeRight";
				INFOPLIST_KEY_UISupportedInterfaceOrientations_iPhone = "UIInterfaceOrientationPortrait UIInterfaceOrientationLandscapeLeft UIInterfaceOrientationLandscapeRight";
				LD_RUNPATH_SEARCH_PATHS = (
					"$(inherited)",
					"@executable_path/Frameworks",
				);
				MARKETING_VERSION = 1.0;
				PRODUCT_BUNDLE_IDENTIFIER = com.matthedm.ZhuyinTypingPractice;
				PRODUCT_NAME = "$(TARGET_NAME)";
				SWIFT_EMIT_LOC_STRINGS = YES;
				SWIFT_VERSION = 5.0;
				TARGETED_DEVICE_FAMILY = "1,2";
			};
			name = Release;
		};
		05FE304D287E197E0082E34D /* Debug */ = {
			isa = XCBuildConfiguration;
			buildSettings = {
				ALWAYS_EMBED_SWIFT_STANDARD_LIBRARIES = YES;
				BUNDLE_LOADER = "$(TEST_HOST)";
				CODE_SIGN_STYLE = Automatic;
				CURRENT_PROJECT_VERSION = 1;
				DEVELOPMENT_TEAM = SU6X47WC59;
				GENERATE_INFOPLIST_FILE = YES;
				IPHONEOS_DEPLOYMENT_TARGET = 15.5;
				MARKETING_VERSION = 1.0;
				PRODUCT_BUNDLE_IDENTIFIER = com.matthedm.ZhuyinTypingPracticeTests;
				PRODUCT_NAME = "$(TARGET_NAME)";
				SWIFT_EMIT_LOC_STRINGS = NO;
				SWIFT_VERSION = 5.0;
				TARGETED_DEVICE_FAMILY = "1,2";
				TEST_HOST = "$(BUILT_PRODUCTS_DIR)/ZhuyinTypingPractice.app/ZhuyinTypingPractice";
			};
			name = Debug;
		};
		05FE304E287E197E0082E34D /* Release */ = {
			isa = XCBuildConfiguration;
			buildSettings = {
				ALWAYS_EMBED_SWIFT_STANDARD_LIBRARIES = YES;
				BUNDLE_LOADER = "$(TEST_HOST)";
				CODE_SIGN_STYLE = Automatic;
				CURRENT_PROJECT_VERSION = 1;
				DEVELOPMENT_TEAM = SU6X47WC59;
				GENERATE_INFOPLIST_FILE = YES;
				IPHONEOS_DEPLOYMENT_TARGET = 15.5;
				MARKETING_VERSION = 1.0;
				PRODUCT_BUNDLE_IDENTIFIER = com.matthedm.ZhuyinTypingPracticeTests;
				PRODUCT_NAME = "$(TARGET_NAME)";
				SWIFT_EMIT_LOC_STRINGS = NO;
				SWIFT_VERSION = 5.0;
				TARGETED_DEVICE_FAMILY = "1,2";
				TEST_HOST = "$(BUILT_PRODUCTS_DIR)/ZhuyinTypingPractice.app/ZhuyinTypingPractice";
			};
			name = Release;
		};
		05FE3050287E197E0082E34D /* Debug */ = {
			isa = XCBuildConfiguration;
			buildSettings = {
				ALWAYS_EMBED_SWIFT_STANDARD_LIBRARIES = YES;
				CODE_SIGN_STYLE = Automatic;
				CURRENT_PROJECT_VERSION = 1;
				DEVELOPMENT_TEAM = SU6X47WC59;
				GENERATE_INFOPLIST_FILE = YES;
				MARKETING_VERSION = 1.0;
				PRODUCT_BUNDLE_IDENTIFIER = com.matthedm.ZhuyinTypingPracticeUITests;
				PRODUCT_NAME = "$(TARGET_NAME)";
				SWIFT_EMIT_LOC_STRINGS = NO;
				SWIFT_VERSION = 5.0;
				TARGETED_DEVICE_FAMILY = "1,2";
				TEST_TARGET_NAME = ZhuyinTypingPractice;
			};
			name = Debug;
		};
		05FE3051287E197E0082E34D /* Release */ = {
			isa = XCBuildConfiguration;
			buildSettings = {
				ALWAYS_EMBED_SWIFT_STANDARD_LIBRARIES = YES;
				CODE_SIGN_STYLE = Automatic;
				CURRENT_PROJECT_VERSION = 1;
				DEVELOPMENT_TEAM = SU6X47WC59;
				GENERATE_INFOPLIST_FILE = YES;
				MARKETING_VERSION = 1.0;
				PRODUCT_BUNDLE_IDENTIFIER = com.matthedm.ZhuyinTypingPracticeUITests;
				PRODUCT_NAME = "$(TARGET_NAME)";
				SWIFT_EMIT_LOC_STRINGS = NO;
				SWIFT_VERSION = 5.0;
				TARGETED_DEVICE_FAMILY = "1,2";
				TEST_TARGET_NAME = ZhuyinTypingPractice;
			};
			name = Release;
		};
/* End XCBuildConfiguration section */

/* Begin XCConfigurationList section */
		05FE3020287E197A0082E34D /* Build configuration list for PBXProject "ZhuyinTypingPractice" */ = {
			isa = XCConfigurationList;
			buildConfigurations = (
				05FE3047287E197E0082E34D /* Debug */,
				05FE3048287E197E0082E34D /* Release */,
			);
			defaultConfigurationIsVisible = 0;
			defaultConfigurationName = Release;
		};
		05FE3049287E197E0082E34D /* Build configuration list for PBXNativeTarget "ZhuyinTypingPractice" */ = {
			isa = XCConfigurationList;
			buildConfigurations = (
				05FE304A287E197E0082E34D /* Debug */,
				05FE304B287E197E0082E34D /* Release */,
			);
			defaultConfigurationIsVisible = 0;
			defaultConfigurationName = Release;
		};
		05FE304C287E197E0082E34D /* Build configuration list for PBXNativeTarget "ZhuyinTypingPracticeTests" */ = {
			isa = XCConfigurationList;
			buildConfigurations = (
				05FE304D287E197E0082E34D /* Debug */,
				05FE304E287E197E0082E34D /* Release */,
			);
			defaultConfigurationIsVisible = 0;
			defaultConfigurationName = Release;
		};
		05FE304F287E197E0082E34D /* Build configuration list for PBXNativeTarget "ZhuyinTypingPracticeUITests" */ = {
			isa = XCConfigurationList;
			buildConfigurations = (
				05FE3050287E197E0082E34D /* Debug */,
				05FE3051287E197E0082E34D /* Release */,
			);
			defaultConfigurationIsVisible = 0;
			defaultConfigurationName = Release;
		};
/* End XCConfigurationList section */
	};
	rootObject = 05FE301D287E197A0082E34D /* Project object */;
}
